// !$*UTF8*$!
{
	archiveVersion = 1;
	classes = {
	};
	objectVersion = 56;
	objects = {

/* Begin PBXBuildFile section */
		A2672B572BA732DE006A5634 /* AppDelegate.swift in Sources */ = {isa = PBXBuildFile; fileRef = A2672B562BA732DE006A5634 /* AppDelegate.swift */; };
		A2672B592BA732DE006A5634 /* SceneDelegate.swift in Sources */ = {isa = PBXBuildFile; fileRef = A2672B582BA732DE006A5634 /* SceneDelegate.swift */; };
		A2672B602BA732E0006A5634 /* Assets.xcassets in Resources */ = {isa = PBXBuildFile; fileRef = A2672B5F2BA732E0006A5634 /* Assets.xcassets */; };
		A2672B892BA73850006A5634 /* SceneDelegateTests.swift in Sources */ = {isa = PBXBuildFile; fileRef = A2672B882BA73850006A5634 /* SceneDelegateTests.swift */; };
		A2672B8D2BA739C6006A5634 /* LoginVC.swift in Sources */ = {isa = PBXBuildFile; fileRef = A2672B8C2BA739C6006A5634 /* LoginVC.swift */; };
		A2672B912BA73AAD006A5634 /* LoginUnitTests.swift in Sources */ = {isa = PBXBuildFile; fileRef = A2672B902BA73AAD006A5634 /* LoginUnitTests.swift */; };
		A2672B962BA73B9D006A5634 /* LoginPresenter.swift in Sources */ = {isa = PBXBuildFile; fileRef = A2672B952BA73B9D006A5634 /* LoginPresenter.swift */; };
		A2672B9C2BA73C5E006A5634 /* LoginUIComposer.swift in Sources */ = {isa = PBXBuildFile; fileRef = A2672B9B2BA73C5E006A5634 /* LoginUIComposer.swift */; };
		A2672BA02BA740FB006A5634 /* Locaized+TestHelpers.swift in Sources */ = {isa = PBXBuildFile; fileRef = A2672B9F2BA740FB006A5634 /* Locaized+TestHelpers.swift */; };
		A2672BA22BA7411B006A5634 /* XCTestCase+MemoryLeakTracking.swift in Sources */ = {isa = PBXBuildFile; fileRef = A2672BA12BA7411B006A5634 /* XCTestCase+MemoryLeakTracking.swift */; };
		A2672BB52BA7488C006A5634 /* Colors.xcassets in Resources */ = {isa = PBXBuildFile; fileRef = A2672BB42BA7488C006A5634 /* Colors.xcassets */; };
		A2672BB82BA76B64006A5634 /* PasswordTextField.swift in Sources */ = {isa = PBXBuildFile; fileRef = A2672BB72BA76B64006A5634 /* PasswordTextField.swift */; };
		A2672BBB2BA76C3E006A5634 /* UIControl+Extensions.swift in Sources */ = {isa = PBXBuildFile; fileRef = A2672BBA2BA76C3E006A5634 /* UIControl+Extensions.swift */; };
		A2672BBF2BA76E48006A5634 /* CreateAccountVC.swift in Sources */ = {isa = PBXBuildFile; fileRef = A2672BBE2BA76E48006A5634 /* CreateAccountVC.swift */; };
		A2672BC12BA7745A006A5634 /* MockNavigation.swift in Sources */ = {isa = PBXBuildFile; fileRef = A2672BC02BA7745A006A5634 /* MockNavigation.swift */; };
		A2672BC32BA7984A006A5634 /* PrivacyTextView.swift in Sources */ = {isa = PBXBuildFile; fileRef = A2672BC22BA7984A006A5634 /* PrivacyTextView.swift */; };
		A2672BD32BA79E2B006A5634 /* CreateAccountPresenter.swift in Sources */ = {isa = PBXBuildFile; fileRef = A2672BD22BA79E2B006A5634 /* CreateAccountPresenter.swift */; };
		A2672BD82BA7A3C0006A5634 /* CreateAccountUnitTests.swift in Sources */ = {isa = PBXBuildFile; fileRef = A2672BD72BA7A3C0006A5634 /* CreateAccountUnitTests.swift */; };
		A27A5C132BA92AD400DADBEC /* CreateSnapshotTests.swift in Sources */ = {isa = PBXBuildFile; fileRef = A2672BC62BA799B7006A5634 /* CreateSnapshotTests.swift */; };
		A27A5C142BA92ADC00DADBEC /* LoginSnapshotTests.swift in Sources */ = {isa = PBXBuildFile; fileRef = A2672BA52BA741A5006A5634 /* LoginSnapshotTests.swift */; };
		A27A5C152BA92AE400DADBEC /* XCTestCase+Snapshot.swift in Sources */ = {isa = PBXBuildFile; fileRef = A2672BA92BA741D9006A5634 /* XCTestCase+Snapshot.swift */; };
		A27A5C162BA92AE800DADBEC /* UIViewController+Snapshot.swift in Sources */ = {isa = PBXBuildFile; fileRef = A2672BA72BA741BE006A5634 /* UIViewController+Snapshot.swift */; };
		A27A5C1C2BAB0BF900DADBEC /* LOGIN_DARK_VIEW_iPad.png in Resources */ = {isa = PBXBuildFile; fileRef = A27A5C172BAB0BF900DADBEC /* LOGIN_DARK_VIEW_iPad.png */; };
		A27A5C1D2BAB0BF900DADBEC /* LOGIN_DARK_VIEW_iPhone.png in Resources */ = {isa = PBXBuildFile; fileRef = A27A5C182BAB0BF900DADBEC /* LOGIN_DARK_VIEW_iPhone.png */; };
		A27A5C1E2BAB0BF900DADBEC /* LOGIN_LIGHT_VIEW_iPad.png in Resources */ = {isa = PBXBuildFile; fileRef = A27A5C192BAB0BF900DADBEC /* LOGIN_LIGHT_VIEW_iPad.png */; };
		A27A5C1F2BAB0BF900DADBEC /* LOGIN_LIGHT_VIEW_iPhone.png in Resources */ = {isa = PBXBuildFile; fileRef = A27A5C1A2BAB0BF900DADBEC /* LOGIN_LIGHT_VIEW_iPhone.png */; };
		A27A5C252BAB0C0000DADBEC /* CREATE_ACCOUNT_DARK_VIEW_iPad.png in Resources */ = {isa = PBXBuildFile; fileRef = A27A5C202BAB0C0000DADBEC /* CREATE_ACCOUNT_DARK_VIEW_iPad.png */; };
		A27A5C262BAB0C0000DADBEC /* CREATE_ACCOUNT_DARK_VIEW_iPhone.png in Resources */ = {isa = PBXBuildFile; fileRef = A27A5C212BAB0C0000DADBEC /* CREATE_ACCOUNT_DARK_VIEW_iPhone.png */; };
		A27A5C272BAB0C0000DADBEC /* CREATE_ACCOUNT_LIGHT_VIEW_iPad.png in Resources */ = {isa = PBXBuildFile; fileRef = A27A5C222BAB0C0000DADBEC /* CREATE_ACCOUNT_LIGHT_VIEW_iPad.png */; };
		A27A5C282BAB0C0000DADBEC /* CREATE_ACCOUNT_LIGHT_VIEW_iPhone.png in Resources */ = {isa = PBXBuildFile; fileRef = A27A5C232BAB0C0000DADBEC /* CREATE_ACCOUNT_LIGHT_VIEW_iPhone.png */; };
		A27A5C2B2BAB3EFE00DADBEC /* swiftgen.yml in Resources */ = {isa = PBXBuildFile; fileRef = A27A5C2A2BAB3EFE00DADBEC /* swiftgen.yml */; };
		A27A5C2D2BAB3FFF00DADBEC /* XCAssets+Generated.swift in Sources */ = {isa = PBXBuildFile; fileRef = A27A5C2C2BAB3FFF00DADBEC /* XCAssets+Generated.swift */; };
		A27A5C302BAB465500DADBEC /* CreateAccount.strings in Resources */ = {isa = PBXBuildFile; fileRef = A27A5C2E2BAB465500DADBEC /* CreateAccount.strings */; };
		A27A5C342BAB470600DADBEC /* Login.strings in Resources */ = {isa = PBXBuildFile; fileRef = A27A5C322BAB470600DADBEC /* Login.strings */; };
		A27A5C4D2BABACC400DADBEC /* LoginLocalizationTests.swift in Sources */ = {isa = PBXBuildFile; fileRef = A27A5C4C2BABACC400DADBEC /* LoginLocalizationTests.swift */; };
		A27A5C6D2BABCA6300DADBEC /* LoginRouter.swift in Sources */ = {isa = PBXBuildFile; fileRef = A27A5C6C2BABCA6300DADBEC /* LoginRouter.swift */; };
		A27A5C702BACF97400DADBEC /* TabBarRouter.swift in Sources */ = {isa = PBXBuildFile; fileRef = A27A5C6F2BACF97400DADBEC /* TabBarRouter.swift */; };
		A2B5B2F42BA7BBD500C9D05D /* LoginIntegrationTests.swift in Sources */ = {isa = PBXBuildFile; fileRef = A2B5B2F32BA7BBD500C9D05D /* LoginIntegrationTests.swift */; };
		A2B5B2F72BA7BD2100C9D05D /* LoginValidationService.swift in Sources */ = {isa = PBXBuildFile; fileRef = A2B5B2F62BA7BD2100C9D05D /* LoginValidationService.swift */; };
		A2B5B2FA2BA7CAD000C9D05D /* LoginViewModel.swift in Sources */ = {isa = PBXBuildFile; fileRef = A2B5B2F92BA7CAD000C9D05D /* LoginViewModel.swift */; };
		A2B5B2FD2BA7CB7000C9D05D /* LoginLoader.swift in Sources */ = {isa = PBXBuildFile; fileRef = A2B5B2FC2BA7CB7000C9D05D /* LoginLoader.swift */; };
		A2B5B3002BA7CC0800C9D05D /* User.swift in Sources */ = {isa = PBXBuildFile; fileRef = A2B5B2FF2BA7CC0800C9D05D /* User.swift */; };
		A2B5B3032BA7CFAC00C9D05D /* LoginEndpoint.swift in Sources */ = {isa = PBXBuildFile; fileRef = A2B5B3022BA7CFAC00C9D05D /* LoginEndpoint.swift */; };
		A2B5B3052BA7D09F00C9D05D /* URL+Extensions.swift in Sources */ = {isa = PBXBuildFile; fileRef = A2B5B3042BA7D09F00C9D05D /* URL+Extensions.swift */; };
		A2B5B3072BA7D0F800C9D05D /* RawRepresentable+Extensions.swift in Sources */ = {isa = PBXBuildFile; fileRef = A2B5B3062BA7D0F800C9D05D /* RawRepresentable+Extensions.swift */; };
		A2B5B30A2BA7D4CF00C9D05D /* APILoginLoaderSpy.swift in Sources */ = {isa = PBXBuildFile; fileRef = A2B5B3092BA7D4CF00C9D05D /* APILoginLoaderSpy.swift */; };
		A2B5B30C2BA7D72200C9D05D /* MockError.swift in Sources */ = {isa = PBXBuildFile; fileRef = A2B5B30B2BA7D72200C9D05D /* MockError.swift */; };
		A2B5B3102BA907A900C9D05D /* HomeVC.swift in Sources */ = {isa = PBXBuildFile; fileRef = A2B5B30F2BA907A900C9D05D /* HomeVC.swift */; };
		A2B5B3132BA90D4300C9D05D /* CreateAccountIntegrationTests.swift in Sources */ = {isa = PBXBuildFile; fileRef = A2B5B3122BA90D4300C9D05D /* CreateAccountIntegrationTests.swift */; };
		A2B5B3162BA90D6400C9D05D /* CreateAccountValidationService.swift in Sources */ = {isa = PBXBuildFile; fileRef = A2B5B3152BA90D6400C9D05D /* CreateAccountValidationService.swift */; };
		A2B5B3192BA9192300C9D05D /* RegistrationViewModel.swift in Sources */ = {isa = PBXBuildFile; fileRef = A2B5B3182BA9192300C9D05D /* RegistrationViewModel.swift */; };
		A2B5B31C2BA9195100C9D05D /* RegistrationLoader.swift in Sources */ = {isa = PBXBuildFile; fileRef = A2B5B31B2BA9195100C9D05D /* RegistrationLoader.swift */; };
		A2B5B31F2BA91A4400C9D05D /* RegistrationEndpoint.swift in Sources */ = {isa = PBXBuildFile; fileRef = A2B5B31E2BA91A4400C9D05D /* RegistrationEndpoint.swift */; };
		A2B5B3222BA91B4800C9D05D /* APIRegistrationLoaderSpy.swift in Sources */ = {isa = PBXBuildFile; fileRef = A2B5B3212BA91B4800C9D05D /* APIRegistrationLoaderSpy.swift */; };
		A2B5B3252BA91BA900C9D05D /* RegistrationUIComposer.swift in Sources */ = {isa = PBXBuildFile; fileRef = A2B5B3242BA91BA900C9D05D /* RegistrationUIComposer.swift */; };
		A2B5B3282BA91E2000C9D05D /* RegistrationUserRequest.swift in Sources */ = {isa = PBXBuildFile; fileRef = A2B5B3272BA91E2000C9D05D /* RegistrationUserRequest.swift */; };
/* End PBXBuildFile section */

/* Begin PBXContainerItemProxy section */
		A2672B6A2BA732E1006A5634 /* PBXContainerItemProxy */ = {
			isa = PBXContainerItemProxy;
			containerPortal = A2672B4B2BA732DE006A5634 /* Project object */;
			proxyType = 1;
			remoteGlobalIDString = A2672B522BA732DE006A5634;
			remoteInfo = BudgetManager;
		};
		A27A5C0E2BA92A8E00DADBEC /* PBXContainerItemProxy */ = {
			isa = PBXContainerItemProxy;
			containerPortal = A2672B4B2BA732DE006A5634 /* Project object */;
			proxyType = 1;
			remoteGlobalIDString = A2672B522BA732DE006A5634;
			remoteInfo = BudgetManager;
		};
/* End PBXContainerItemProxy section */

/* Begin PBXFileReference section */
		A2672B532BA732DE006A5634 /* BudgetManager.app */ = {isa = PBXFileReference; explicitFileType = wrapper.application; includeInIndex = 0; path = BudgetManager.app; sourceTree = BUILT_PRODUCTS_DIR; };
		A2672B562BA732DE006A5634 /* AppDelegate.swift */ = {isa = PBXFileReference; lastKnownFileType = sourcecode.swift; path = AppDelegate.swift; sourceTree = "<group>"; };
		A2672B582BA732DE006A5634 /* SceneDelegate.swift */ = {isa = PBXFileReference; lastKnownFileType = sourcecode.swift; path = SceneDelegate.swift; sourceTree = "<group>"; };
		A2672B5F2BA732E0006A5634 /* Assets.xcassets */ = {isa = PBXFileReference; lastKnownFileType = folder.assetcatalog; path = Assets.xcassets; sourceTree = "<group>"; };
		A2672B642BA732E0006A5634 /* Info.plist */ = {isa = PBXFileReference; lastKnownFileType = text.plist.xml; path = Info.plist; sourceTree = "<group>"; };
		A2672B692BA732E1006A5634 /* BudgetManagerTests.xctest */ = {isa = PBXFileReference; explicitFileType = wrapper.cfbundle; includeInIndex = 0; path = BudgetManagerTests.xctest; sourceTree = BUILT_PRODUCTS_DIR; };
		A2672B882BA73850006A5634 /* SceneDelegateTests.swift */ = {isa = PBXFileReference; lastKnownFileType = sourcecode.swift; path = SceneDelegateTests.swift; sourceTree = "<group>"; };
		A2672B8C2BA739C6006A5634 /* LoginVC.swift */ = {isa = PBXFileReference; lastKnownFileType = sourcecode.swift; path = LoginVC.swift; sourceTree = "<group>"; };
		A2672B902BA73AAD006A5634 /* LoginUnitTests.swift */ = {isa = PBXFileReference; lastKnownFileType = sourcecode.swift; path = LoginUnitTests.swift; sourceTree = "<group>"; };
		A2672B952BA73B9D006A5634 /* LoginPresenter.swift */ = {isa = PBXFileReference; lastKnownFileType = sourcecode.swift; path = LoginPresenter.swift; sourceTree = "<group>"; };
		A2672B9B2BA73C5E006A5634 /* LoginUIComposer.swift */ = {isa = PBXFileReference; lastKnownFileType = sourcecode.swift; path = LoginUIComposer.swift; sourceTree = "<group>"; };
		A2672B9F2BA740FB006A5634 /* Locaized+TestHelpers.swift */ = {isa = PBXFileReference; lastKnownFileType = sourcecode.swift; path = "Locaized+TestHelpers.swift"; sourceTree = "<group>"; };
		A2672BA12BA7411B006A5634 /* XCTestCase+MemoryLeakTracking.swift */ = {isa = PBXFileReference; lastKnownFileType = sourcecode.swift; path = "XCTestCase+MemoryLeakTracking.swift"; sourceTree = "<group>"; };
		A2672BA52BA741A5006A5634 /* LoginSnapshotTests.swift */ = {isa = PBXFileReference; lastKnownFileType = sourcecode.swift; path = LoginSnapshotTests.swift; sourceTree = "<group>"; };
		A2672BA72BA741BE006A5634 /* UIViewController+Snapshot.swift */ = {isa = PBXFileReference; lastKnownFileType = sourcecode.swift; path = "UIViewController+Snapshot.swift"; sourceTree = "<group>"; };
		A2672BA92BA741D9006A5634 /* XCTestCase+Snapshot.swift */ = {isa = PBXFileReference; lastKnownFileType = sourcecode.swift; path = "XCTestCase+Snapshot.swift"; sourceTree = "<group>"; };
		A2672BB42BA7488C006A5634 /* Colors.xcassets */ = {isa = PBXFileReference; lastKnownFileType = folder.assetcatalog; path = Colors.xcassets; sourceTree = "<group>"; };
		A2672BB72BA76B64006A5634 /* PasswordTextField.swift */ = {isa = PBXFileReference; lastKnownFileType = sourcecode.swift; path = PasswordTextField.swift; sourceTree = "<group>"; };
		A2672BBA2BA76C3E006A5634 /* UIControl+Extensions.swift */ = {isa = PBXFileReference; lastKnownFileType = sourcecode.swift; path = "UIControl+Extensions.swift"; sourceTree = "<group>"; };
		A2672BBE2BA76E48006A5634 /* CreateAccountVC.swift */ = {isa = PBXFileReference; lastKnownFileType = sourcecode.swift; path = CreateAccountVC.swift; sourceTree = "<group>"; };
		A2672BC02BA7745A006A5634 /* MockNavigation.swift */ = {isa = PBXFileReference; lastKnownFileType = sourcecode.swift; path = MockNavigation.swift; sourceTree = "<group>"; };
		A2672BC22BA7984A006A5634 /* PrivacyTextView.swift */ = {isa = PBXFileReference; lastKnownFileType = sourcecode.swift; path = PrivacyTextView.swift; sourceTree = "<group>"; };
		A2672BC62BA799B7006A5634 /* CreateSnapshotTests.swift */ = {isa = PBXFileReference; lastKnownFileType = sourcecode.swift; path = CreateSnapshotTests.swift; sourceTree = "<group>"; };
		A2672BD22BA79E2B006A5634 /* CreateAccountPresenter.swift */ = {isa = PBXFileReference; lastKnownFileType = sourcecode.swift; path = CreateAccountPresenter.swift; sourceTree = "<group>"; };
		A2672BD72BA7A3C0006A5634 /* CreateAccountUnitTests.swift */ = {isa = PBXFileReference; lastKnownFileType = sourcecode.swift; path = CreateAccountUnitTests.swift; sourceTree = "<group>"; };
		A27A5C0A2BA92A8E00DADBEC /* BudgetManagerSnapshotTests.xctest */ = {isa = PBXFileReference; explicitFileType = wrapper.cfbundle; includeInIndex = 0; path = BudgetManagerSnapshotTests.xctest; sourceTree = BUILT_PRODUCTS_DIR; };
		A27A5C172BAB0BF900DADBEC /* LOGIN_DARK_VIEW_iPad.png */ = {isa = PBXFileReference; lastKnownFileType = image.png; path = LOGIN_DARK_VIEW_iPad.png; sourceTree = "<group>"; };
		A27A5C182BAB0BF900DADBEC /* LOGIN_DARK_VIEW_iPhone.png */ = {isa = PBXFileReference; lastKnownFileType = image.png; path = LOGIN_DARK_VIEW_iPhone.png; sourceTree = "<group>"; };
		A27A5C192BAB0BF900DADBEC /* LOGIN_LIGHT_VIEW_iPad.png */ = {isa = PBXFileReference; lastKnownFileType = image.png; path = LOGIN_LIGHT_VIEW_iPad.png; sourceTree = "<group>"; };
		A27A5C1A2BAB0BF900DADBEC /* LOGIN_LIGHT_VIEW_iPhone.png */ = {isa = PBXFileReference; lastKnownFileType = image.png; path = LOGIN_LIGHT_VIEW_iPhone.png; sourceTree = "<group>"; };
		A27A5C202BAB0C0000DADBEC /* CREATE_ACCOUNT_DARK_VIEW_iPad.png */ = {isa = PBXFileReference; lastKnownFileType = image.png; path = CREATE_ACCOUNT_DARK_VIEW_iPad.png; sourceTree = "<group>"; };
		A27A5C212BAB0C0000DADBEC /* CREATE_ACCOUNT_DARK_VIEW_iPhone.png */ = {isa = PBXFileReference; lastKnownFileType = image.png; path = CREATE_ACCOUNT_DARK_VIEW_iPhone.png; sourceTree = "<group>"; };
		A27A5C222BAB0C0000DADBEC /* CREATE_ACCOUNT_LIGHT_VIEW_iPad.png */ = {isa = PBXFileReference; lastKnownFileType = image.png; path = CREATE_ACCOUNT_LIGHT_VIEW_iPad.png; sourceTree = "<group>"; };
		A27A5C232BAB0C0000DADBEC /* CREATE_ACCOUNT_LIGHT_VIEW_iPhone.png */ = {isa = PBXFileReference; lastKnownFileType = image.png; path = CREATE_ACCOUNT_LIGHT_VIEW_iPhone.png; sourceTree = "<group>"; };
		A27A5C2A2BAB3EFE00DADBEC /* swiftgen.yml */ = {isa = PBXFileReference; fileEncoding = 4; lastKnownFileType = text.yaml; path = swiftgen.yml; sourceTree = SOURCE_ROOT; };
		A27A5C2C2BAB3FFF00DADBEC /* XCAssets+Generated.swift */ = {isa = PBXFileReference; fileEncoding = 4; lastKnownFileType = sourcecode.swift; path = "XCAssets+Generated.swift"; sourceTree = "<group>"; };
		A27A5C2F2BAB465500DADBEC /* en */ = {isa = PBXFileReference; lastKnownFileType = text.plist.strings; name = en; path = en.lproj/CreateAccount.strings; sourceTree = "<group>"; };
		A27A5C312BAB46E700DADBEC /* es */ = {isa = PBXFileReference; lastKnownFileType = text.plist.strings; name = es; path = es.lproj/CreateAccount.strings; sourceTree = "<group>"; };
		A27A5C332BAB470600DADBEC /* en */ = {isa = PBXFileReference; lastKnownFileType = text.plist.strings; name = en; path = en.lproj/Login.strings; sourceTree = "<group>"; };
		A27A5C352BAB48C300DADBEC /* es */ = {isa = PBXFileReference; lastKnownFileType = text.plist.strings; name = es; path = es.lproj/Login.strings; sourceTree = "<group>"; };
		A27A5C4A2BABABF100DADBEC /* LaunchScreen.storyboard */ = {isa = PBXFileReference; lastKnownFileType = file.storyboard; path = LaunchScreen.storyboard; sourceTree = "<group>"; };
		A27A5C4C2BABACC400DADBEC /* LoginLocalizationTests.swift */ = {isa = PBXFileReference; lastKnownFileType = sourcecode.swift; path = LoginLocalizationTests.swift; sourceTree = "<group>"; };
		A27A5C6C2BABCA6300DADBEC /* LoginRouter.swift */ = {isa = PBXFileReference; lastKnownFileType = sourcecode.swift; path = LoginRouter.swift; sourceTree = "<group>"; };
		A27A5C6F2BACF97400DADBEC /* TabBarRouter.swift */ = {isa = PBXFileReference; lastKnownFileType = sourcecode.swift; path = TabBarRouter.swift; sourceTree = "<group>"; };
		A2B5B2F32BA7BBD500C9D05D /* LoginIntegrationTests.swift */ = {isa = PBXFileReference; lastKnownFileType = sourcecode.swift; path = LoginIntegrationTests.swift; sourceTree = "<group>"; };
		A2B5B2F62BA7BD2100C9D05D /* LoginValidationService.swift */ = {isa = PBXFileReference; lastKnownFileType = sourcecode.swift; path = LoginValidationService.swift; sourceTree = "<group>"; };
		A2B5B2F92BA7CAD000C9D05D /* LoginViewModel.swift */ = {isa = PBXFileReference; lastKnownFileType = sourcecode.swift; path = LoginViewModel.swift; sourceTree = "<group>"; };
		A2B5B2FC2BA7CB7000C9D05D /* LoginLoader.swift */ = {isa = PBXFileReference; lastKnownFileType = sourcecode.swift; path = LoginLoader.swift; sourceTree = "<group>"; };
		A2B5B2FF2BA7CC0800C9D05D /* User.swift */ = {isa = PBXFileReference; lastKnownFileType = sourcecode.swift; path = User.swift; sourceTree = "<group>"; };
		A2B5B3022BA7CFAC00C9D05D /* LoginEndpoint.swift */ = {isa = PBXFileReference; lastKnownFileType = sourcecode.swift; path = LoginEndpoint.swift; sourceTree = "<group>"; };
		A2B5B3042BA7D09F00C9D05D /* URL+Extensions.swift */ = {isa = PBXFileReference; lastKnownFileType = sourcecode.swift; path = "URL+Extensions.swift"; sourceTree = "<group>"; };
		A2B5B3062BA7D0F800C9D05D /* RawRepresentable+Extensions.swift */ = {isa = PBXFileReference; lastKnownFileType = sourcecode.swift; path = "RawRepresentable+Extensions.swift"; sourceTree = "<group>"; };
		A2B5B3092BA7D4CF00C9D05D /* APILoginLoaderSpy.swift */ = {isa = PBXFileReference; lastKnownFileType = sourcecode.swift; path = APILoginLoaderSpy.swift; sourceTree = "<group>"; };
		A2B5B30B2BA7D72200C9D05D /* MockError.swift */ = {isa = PBXFileReference; lastKnownFileType = sourcecode.swift; path = MockError.swift; sourceTree = "<group>"; };
		A2B5B30F2BA907A900C9D05D /* HomeVC.swift */ = {isa = PBXFileReference; lastKnownFileType = sourcecode.swift; path = HomeVC.swift; sourceTree = "<group>"; };
		A2B5B3122BA90D4300C9D05D /* CreateAccountIntegrationTests.swift */ = {isa = PBXFileReference; lastKnownFileType = sourcecode.swift; path = CreateAccountIntegrationTests.swift; sourceTree = "<group>"; };
		A2B5B3152BA90D6400C9D05D /* CreateAccountValidationService.swift */ = {isa = PBXFileReference; lastKnownFileType = sourcecode.swift; path = CreateAccountValidationService.swift; sourceTree = "<group>"; };
		A2B5B3182BA9192300C9D05D /* RegistrationViewModel.swift */ = {isa = PBXFileReference; lastKnownFileType = sourcecode.swift; path = RegistrationViewModel.swift; sourceTree = "<group>"; };
		A2B5B31B2BA9195100C9D05D /* RegistrationLoader.swift */ = {isa = PBXFileReference; lastKnownFileType = sourcecode.swift; path = RegistrationLoader.swift; sourceTree = "<group>"; };
		A2B5B31E2BA91A4400C9D05D /* RegistrationEndpoint.swift */ = {isa = PBXFileReference; lastKnownFileType = sourcecode.swift; path = RegistrationEndpoint.swift; sourceTree = "<group>"; };
		A2B5B3212BA91B4800C9D05D /* APIRegistrationLoaderSpy.swift */ = {isa = PBXFileReference; lastKnownFileType = sourcecode.swift; path = APIRegistrationLoaderSpy.swift; sourceTree = "<group>"; };
		A2B5B3242BA91BA900C9D05D /* RegistrationUIComposer.swift */ = {isa = PBXFileReference; lastKnownFileType = sourcecode.swift; path = RegistrationUIComposer.swift; sourceTree = "<group>"; };
		A2B5B3272BA91E2000C9D05D /* RegistrationUserRequest.swift */ = {isa = PBXFileReference; lastKnownFileType = sourcecode.swift; path = RegistrationUserRequest.swift; sourceTree = "<group>"; };
		A2B5B3292BA925DE00C9D05D /* BudgetManager.xctestplan */ = {isa = PBXFileReference; lastKnownFileType = text; path = BudgetManager.xctestplan; sourceTree = "<group>"; };
		A2B5B32A2BA9261D00C9D05D /* BudgetManagerUI.xctestplan */ = {isa = PBXFileReference; lastKnownFileType = text; path = BudgetManagerUI.xctestplan; sourceTree = "<group>"; };
/* End PBXFileReference section */

/* Begin PBXFrameworksBuildPhase section */
		A2672B502BA732DE006A5634 /* Frameworks */ = {
			isa = PBXFrameworksBuildPhase;
			buildActionMask = 2147483647;
			files = (
			);
			runOnlyForDeploymentPostprocessing = 0;
		};
		A2672B662BA732E1006A5634 /* Frameworks */ = {
			isa = PBXFrameworksBuildPhase;
			buildActionMask = 2147483647;
			files = (
			);
			runOnlyForDeploymentPostprocessing = 0;
		};
		A27A5C072BA92A8E00DADBEC /* Frameworks */ = {
			isa = PBXFrameworksBuildPhase;
			buildActionMask = 2147483647;
			files = (
			);
			runOnlyForDeploymentPostprocessing = 0;
		};
/* End PBXFrameworksBuildPhase section */

/* Begin PBXGroup section */
		A2672B4A2BA732DE006A5634 = {
			isa = PBXGroup;
			children = (
				A2672B552BA732DE006A5634 /* BudgetManager */,
				A2672B6C2BA732E1006A5634 /* BudgetManagerTests */,
				A27A5C0B2BA92A8E00DADBEC /* BudgetManagerSnapshotTests */,
				A2672B542BA732DE006A5634 /* Products */,
			);
			sourceTree = "<group>";
		};
		A2672B542BA732DE006A5634 /* Products */ = {
			isa = PBXGroup;
			children = (
				A2672B532BA732DE006A5634 /* BudgetManager.app */,
				A2672B692BA732E1006A5634 /* BudgetManagerTests.xctest */,
				A27A5C0A2BA92A8E00DADBEC /* BudgetManagerSnapshotTests.xctest */,
			);
			name = Products;
			sourceTree = "<group>";
		};
		A2672B552BA732DE006A5634 /* BudgetManager */ = {
			isa = PBXGroup;
			children = (
				A27A5C6E2BACF96300DADBEC /* TabBarController */,
				A2B5B30D2BA9079B00C9D05D /* Home */,
				A2672BBC2BA76E3B006A5634 /* CreateAccount */,
				A2672B8A2BA739B4006A5634 /* Login */,
				A2672B862BA73350006A5634 /* SupportingFiles */,
			);
			path = BudgetManager;
			sourceTree = "<group>";
		};
		A2672B6C2BA732E1006A5634 /* BudgetManagerTests */ = {
			isa = PBXGroup;
			children = (
				A2B5B3292BA925DE00C9D05D /* BudgetManager.xctestplan */,
				A2672BC42BA7999D006A5634 /* CreateAccount */,
				A2672B8E2BA73A8F006A5634 /* Login */,
				A2672B872BA73839006A5634 /* SceneDelegateTests */,
				A2672B9E2BA740E9006A5634 /* Helpers */,
			);
			path = BudgetManagerTests;
			sourceTree = "<group>";
		};
		A2672B862BA73350006A5634 /* SupportingFiles */ = {
			isa = PBXGroup;
			children = (
				A27A5C2C2BAB3FFF00DADBEC /* XCAssets+Generated.swift */,
				A27A5C2A2BAB3EFE00DADBEC /* swiftgen.yml */,
				A2672BB92BA76C30006A5634 /* Extensions */,
				A2672BB62BA76B53006A5634 /* Views */,
				A2672B562BA732DE006A5634 /* AppDelegate.swift */,
				A2672B582BA732DE006A5634 /* SceneDelegate.swift */,
				A2672B5F2BA732E0006A5634 /* Assets.xcassets */,
				A2672BB42BA7488C006A5634 /* Colors.xcassets */,
				A27A5C4A2BABABF100DADBEC /* LaunchScreen.storyboard */,
				A2672B642BA732E0006A5634 /* Info.plist */,
			);
			path = SupportingFiles;
			sourceTree = "<group>";
		};
		A2672B872BA73839006A5634 /* SceneDelegateTests */ = {
			isa = PBXGroup;
			children = (
				A2672B882BA73850006A5634 /* SceneDelegateTests.swift */,
			);
			path = SceneDelegateTests;
			sourceTree = "<group>";
		};
		A2672B8A2BA739B4006A5634 /* Login */ = {
			isa = PBXGroup;
			children = (
				A27A5C6A2BABC95F00DADBEC /* Domains */,
				A2B5B2FE2BA7CBD800C9D05D /* Model */,
				A2B5B2F82BA7CABE00C9D05D /* ViewModel */,
				A2B5B2F52BA7BD0900C9D05D /* Helpers */,
				A27A5C6B2BABC97800DADBEC /* Presentation */,
			);
			path = Login;
			sourceTree = "<group>";
		};
		A2672B8B2BA739BD006A5634 /* Views */ = {
			isa = PBXGroup;
			children = (
				A2672B8C2BA739C6006A5634 /* LoginVC.swift */,
			);
			path = Views;
			sourceTree = "<group>";
		};
		A2672B8E2BA73A8F006A5634 /* Login */ = {
			isa = PBXGroup;
			children = (
				A27A5C4B2BABAC6600DADBEC /* Login Presentation */,
				A2B5B3082BA7D4BF00C9D05D /* Helpers */,
				A2B5B2F22BA7BBBD00C9D05D /* IntegrationTests */,
				A2672B8F2BA73A9D006A5634 /* LoginUnitTests */,
			);
			path = Login;
			sourceTree = "<group>";
		};
		A2672B8F2BA73A9D006A5634 /* LoginUnitTests */ = {
			isa = PBXGroup;
			children = (
				A2672B902BA73AAD006A5634 /* LoginUnitTests.swift */,
			);
			path = LoginUnitTests;
			sourceTree = "<group>";
		};
		A2672B942BA73B92006A5634 /* Presenter */ = {
			isa = PBXGroup;
			children = (
				A2672B952BA73B9D006A5634 /* LoginPresenter.swift */,
				A27A5C322BAB470600DADBEC /* Login.strings */,
			);
			path = Presenter;
			sourceTree = "<group>";
		};
		A2672B9A2BA73C55006A5634 /* Composer */ = {
			isa = PBXGroup;
			children = (
				A2672B9B2BA73C5E006A5634 /* LoginUIComposer.swift */,
			);
			path = Composer;
			sourceTree = "<group>";
		};
		A2672B9E2BA740E9006A5634 /* Helpers */ = {
			isa = PBXGroup;
			children = (
				A2672B9F2BA740FB006A5634 /* Locaized+TestHelpers.swift */,
				A2672BA12BA7411B006A5634 /* XCTestCase+MemoryLeakTracking.swift */,
				A2672BC02BA7745A006A5634 /* MockNavigation.swift */,
				A2B5B30B2BA7D72200C9D05D /* MockError.swift */,
			);
			path = Helpers;
			sourceTree = "<group>";
		};
		A2672BA42BA74191006A5634 /* SnapshotTests */ = {
			isa = PBXGroup;
			children = (
				A27A5C1B2BAB0BF900DADBEC /* snapshots */,
				A2672BA52BA741A5006A5634 /* LoginSnapshotTests.swift */,
			);
			path = SnapshotTests;
			sourceTree = "<group>";
		};
		A2672BB62BA76B53006A5634 /* Views */ = {
			isa = PBXGroup;
			children = (
				A2672BB72BA76B64006A5634 /* PasswordTextField.swift */,
			);
			path = Views;
			sourceTree = "<group>";
		};
		A2672BB92BA76C30006A5634 /* Extensions */ = {
			isa = PBXGroup;
			children = (
				A2672BBA2BA76C3E006A5634 /* UIControl+Extensions.swift */,
				A2B5B3042BA7D09F00C9D05D /* URL+Extensions.swift */,
				A2B5B3062BA7D0F800C9D05D /* RawRepresentable+Extensions.swift */,
			);
			path = Extensions;
			sourceTree = "<group>";
		};
		A2672BBC2BA76E3B006A5634 /* CreateAccount */ = {
			isa = PBXGroup;
			children = (
				A2B5B3262BA91E1500C9D05D /* Model */,
				A2B5B3232BA91B9900C9D05D /* Composer */,
				A2B5B31D2BA91A3A00C9D05D /* API */,
				A2B5B31A2BA9193200C9D05D /* Loader */,
				A2B5B3172BA9190700C9D05D /* ViewModel */,
				A2B5B3142BA90D4A00C9D05D /* Helpers */,
				A2672BD12BA79E1E006A5634 /* Presenter */,
				A2672BBD2BA76E40006A5634 /* Views */,
			);
			path = CreateAccount;
			sourceTree = "<group>";
		};
		A2672BBD2BA76E40006A5634 /* Views */ = {
			isa = PBXGroup;
			children = (
				A2672BBE2BA76E48006A5634 /* CreateAccountVC.swift */,
				A2672BC22BA7984A006A5634 /* PrivacyTextView.swift */,
			);
			path = Views;
			sourceTree = "<group>";
		};
		A2672BC42BA7999D006A5634 /* CreateAccount */ = {
			isa = PBXGroup;
			children = (
				A2B5B3202BA91B3300C9D05D /* Helpers */,
				A2B5B3112BA90D1C00C9D05D /* IntegrationTests */,
				A2672BD62BA7A3A7006A5634 /* UnitTests */,
			);
			path = CreateAccount;
			sourceTree = "<group>";
		};
		A2672BC52BA799A2006A5634 /* SnapshotTests */ = {
			isa = PBXGroup;
			children = (
				A27A5C242BAB0C0000DADBEC /* snapshots */,
				A2672BC62BA799B7006A5634 /* CreateSnapshotTests.swift */,
			);
			path = SnapshotTests;
			sourceTree = "<group>";
		};
		A2672BD12BA79E1E006A5634 /* Presenter */ = {
			isa = PBXGroup;
			children = (
				A2672BD22BA79E2B006A5634 /* CreateAccountPresenter.swift */,
				A27A5C2E2BAB465500DADBEC /* CreateAccount.strings */,
			);
			path = Presenter;
			sourceTree = "<group>";
		};
		A2672BD62BA7A3A7006A5634 /* UnitTests */ = {
			isa = PBXGroup;
			children = (
				A2672BD72BA7A3C0006A5634 /* CreateAccountUnitTests.swift */,
			);
			path = UnitTests;
			sourceTree = "<group>";
		};
		A27A5C0B2BA92A8E00DADBEC /* BudgetManagerSnapshotTests */ = {
			isa = PBXGroup;
			children = (
				A2B5B3402BA9272800C9D05D /* Helpers */,
				A2B5B33B2BA926D200C9D05D /* Login */,
				A2B5B33A2BA926CA00C9D05D /* CreateAccount */,
				A2B5B32A2BA9261D00C9D05D /* BudgetManagerUI.xctestplan */,
			);
			path = BudgetManagerSnapshotTests;
			sourceTree = "<group>";
		};
		A27A5C1B2BAB0BF900DADBEC /* snapshots */ = {
			isa = PBXGroup;
			children = (
				A27A5C172BAB0BF900DADBEC /* LOGIN_DARK_VIEW_iPad.png */,
				A27A5C182BAB0BF900DADBEC /* LOGIN_DARK_VIEW_iPhone.png */,
				A27A5C192BAB0BF900DADBEC /* LOGIN_LIGHT_VIEW_iPad.png */,
				A27A5C1A2BAB0BF900DADBEC /* LOGIN_LIGHT_VIEW_iPhone.png */,
			);
			path = snapshots;
			sourceTree = "<group>";
		};
		A27A5C242BAB0C0000DADBEC /* snapshots */ = {
			isa = PBXGroup;
			children = (
				A27A5C202BAB0C0000DADBEC /* CREATE_ACCOUNT_DARK_VIEW_iPad.png */,
				A27A5C212BAB0C0000DADBEC /* CREATE_ACCOUNT_DARK_VIEW_iPhone.png */,
				A27A5C222BAB0C0000DADBEC /* CREATE_ACCOUNT_LIGHT_VIEW_iPad.png */,
				A27A5C232BAB0C0000DADBEC /* CREATE_ACCOUNT_LIGHT_VIEW_iPhone.png */,
			);
			path = snapshots;
			sourceTree = "<group>";
		};
		A27A5C4B2BABAC6600DADBEC /* Login Presentation */ = {
			isa = PBXGroup;
			children = (
				A27A5C4C2BABACC400DADBEC /* LoginLocalizationTests.swift */,
			);
			path = "Login Presentation";
			sourceTree = "<group>";
		};
		A27A5C6A2BABC95F00DADBEC /* Domains */ = {
			isa = PBXGroup;
			children = (
				A2B5B3012BA7CF9D00C9D05D /* API */,
				A2B5B2FB2BA7CB6600C9D05D /* Loader */,
			);
			path = Domains;
			sourceTree = "<group>";
		};
		A27A5C6B2BABC97800DADBEC /* Presentation */ = {
			isa = PBXGroup;
			children = (
				A2672B9A2BA73C55006A5634 /* Composer */,
				A2672B942BA73B92006A5634 /* Presenter */,
				A2672B8B2BA739BD006A5634 /* Views */,
			);
			path = Presentation;
			sourceTree = "<group>";
		};
		A27A5C6E2BACF96300DADBEC /* TabBarController */ = {
			isa = PBXGroup;
			children = (
				A27A5C6F2BACF97400DADBEC /* TabBarRouter.swift */,
			);
			path = TabBarController;
			sourceTree = "<group>";
		};
		A2B5B2F22BA7BBBD00C9D05D /* IntegrationTests */ = {
			isa = PBXGroup;
			children = (
				A2B5B2F32BA7BBD500C9D05D /* LoginIntegrationTests.swift */,
			);
			path = IntegrationTests;
			sourceTree = "<group>";
		};
		A2B5B2F52BA7BD0900C9D05D /* Helpers */ = {
			isa = PBXGroup;
			children = (
				A2B5B2F62BA7BD2100C9D05D /* LoginValidationService.swift */,
				A27A5C6C2BABCA6300DADBEC /* LoginRouter.swift */,
			);
			path = Helpers;
			sourceTree = "<group>";
		};
		A2B5B2F82BA7CABE00C9D05D /* ViewModel */ = {
			isa = PBXGroup;
			children = (
				A2B5B2F92BA7CAD000C9D05D /* LoginViewModel.swift */,
			);
			path = ViewModel;
			sourceTree = "<group>";
		};
		A2B5B2FB2BA7CB6600C9D05D /* Loader */ = {
			isa = PBXGroup;
			children = (
				A2B5B2FC2BA7CB7000C9D05D /* LoginLoader.swift */,
			);
			path = Loader;
			sourceTree = "<group>";
		};
		A2B5B2FE2BA7CBD800C9D05D /* Model */ = {
			isa = PBXGroup;
			children = (
				A2B5B2FF2BA7CC0800C9D05D /* User.swift */,
			);
			path = Model;
			sourceTree = "<group>";
		};
		A2B5B3012BA7CF9D00C9D05D /* API */ = {
			isa = PBXGroup;
			children = (
				A2B5B3022BA7CFAC00C9D05D /* LoginEndpoint.swift */,
			);
			path = API;
			sourceTree = "<group>";
		};
		A2B5B3082BA7D4BF00C9D05D /* Helpers */ = {
			isa = PBXGroup;
			children = (
				A2B5B3092BA7D4CF00C9D05D /* APILoginLoaderSpy.swift */,
			);
			path = Helpers;
			sourceTree = "<group>";
		};
		A2B5B30D2BA9079B00C9D05D /* Home */ = {
			isa = PBXGroup;
			children = (
				A2B5B30E2BA9079F00C9D05D /* Views */,
			);
			path = Home;
			sourceTree = "<group>";
		};
		A2B5B30E2BA9079F00C9D05D /* Views */ = {
			isa = PBXGroup;
			children = (
				A2B5B30F2BA907A900C9D05D /* HomeVC.swift */,
			);
			path = Views;
			sourceTree = "<group>";
		};
		A2B5B3112BA90D1C00C9D05D /* IntegrationTests */ = {
			isa = PBXGroup;
			children = (
				A2B5B3122BA90D4300C9D05D /* CreateAccountIntegrationTests.swift */,
			);
			path = IntegrationTests;
			sourceTree = "<group>";
		};
		A2B5B3142BA90D4A00C9D05D /* Helpers */ = {
			isa = PBXGroup;
			children = (
				A2B5B3152BA90D6400C9D05D /* CreateAccountValidationService.swift */,
			);
			path = Helpers;
			sourceTree = "<group>";
		};
		A2B5B3172BA9190700C9D05D /* ViewModel */ = {
			isa = PBXGroup;
			children = (
				A2B5B3182BA9192300C9D05D /* RegistrationViewModel.swift */,
			);
			path = ViewModel;
			sourceTree = "<group>";
		};
		A2B5B31A2BA9193200C9D05D /* Loader */ = {
			isa = PBXGroup;
			children = (
				A2B5B31B2BA9195100C9D05D /* RegistrationLoader.swift */,
			);
			path = Loader;
			sourceTree = "<group>";
		};
		A2B5B31D2BA91A3A00C9D05D /* API */ = {
			isa = PBXGroup;
			children = (
				A2B5B31E2BA91A4400C9D05D /* RegistrationEndpoint.swift */,
			);
			path = API;
			sourceTree = "<group>";
		};
		A2B5B3202BA91B3300C9D05D /* Helpers */ = {
			isa = PBXGroup;
			children = (
				A2B5B3212BA91B4800C9D05D /* APIRegistrationLoaderSpy.swift */,
			);
			path = Helpers;
			sourceTree = "<group>";
		};
		A2B5B3232BA91B9900C9D05D /* Composer */ = {
			isa = PBXGroup;
			children = (
				A2B5B3242BA91BA900C9D05D /* RegistrationUIComposer.swift */,
			);
			path = Composer;
			sourceTree = "<group>";
		};
		A2B5B3262BA91E1500C9D05D /* Model */ = {
			isa = PBXGroup;
			children = (
				A2B5B3272BA91E2000C9D05D /* RegistrationUserRequest.swift */,
			);
			path = Model;
			sourceTree = "<group>";
		};
		A2B5B33A2BA926CA00C9D05D /* CreateAccount */ = {
			isa = PBXGroup;
			children = (
				A2672BC52BA799A2006A5634 /* SnapshotTests */,
			);
			path = CreateAccount;
			sourceTree = "<group>";
		};
		A2B5B33B2BA926D200C9D05D /* Login */ = {
			isa = PBXGroup;
			children = (
				A2672BA42BA74191006A5634 /* SnapshotTests */,
			);
			path = Login;
			sourceTree = "<group>";
		};
		A2B5B3402BA9272800C9D05D /* Helpers */ = {
			isa = PBXGroup;
			children = (
				A2672BA72BA741BE006A5634 /* UIViewController+Snapshot.swift */,
				A2672BA92BA741D9006A5634 /* XCTestCase+Snapshot.swift */,
			);
			path = Helpers;
			sourceTree = "<group>";
		};
/* End PBXGroup section */

/* Begin PBXNativeTarget section */
		A2672B522BA732DE006A5634 /* BudgetManager */ = {
			isa = PBXNativeTarget;
			buildConfigurationList = A2672B7D2BA732E1006A5634 /* Build configuration list for PBXNativeTarget "BudgetManager" */;
			buildPhases = (
				A2672B4F2BA732DE006A5634 /* Sources */,
				A2672B502BA732DE006A5634 /* Frameworks */,
				A2672B512BA732DE006A5634 /* Resources */,
			);
			buildRules = (
			);
			dependencies = (
			);
			name = BudgetManager;
			productName = BudgetManager;
			productReference = A2672B532BA732DE006A5634 /* BudgetManager.app */;
			productType = "com.apple.product-type.application";
		};
		A2672B682BA732E1006A5634 /* BudgetManagerTests */ = {
			isa = PBXNativeTarget;
			buildConfigurationList = A2672B802BA732E1006A5634 /* Build configuration list for PBXNativeTarget "BudgetManagerTests" */;
			buildPhases = (
				A2672B652BA732E1006A5634 /* Sources */,
				A2672B662BA732E1006A5634 /* Frameworks */,
				A2672B672BA732E1006A5634 /* Resources */,
			);
			buildRules = (
			);
			dependencies = (
				A2672B6B2BA732E1006A5634 /* PBXTargetDependency */,
			);
			name = BudgetManagerTests;
			productName = BudgetManagerTests;
			productReference = A2672B692BA732E1006A5634 /* BudgetManagerTests.xctest */;
			productType = "com.apple.product-type.bundle.unit-test";
		};
		A27A5C092BA92A8E00DADBEC /* BudgetManagerSnapshotTests */ = {
			isa = PBXNativeTarget;
			buildConfigurationList = A27A5C102BA92A8E00DADBEC /* Build configuration list for PBXNativeTarget "BudgetManagerSnapshotTests" */;
			buildPhases = (
				A27A5C062BA92A8E00DADBEC /* Sources */,
				A27A5C072BA92A8E00DADBEC /* Frameworks */,
				A27A5C082BA92A8E00DADBEC /* Resources */,
			);
			buildRules = (
			);
			dependencies = (
				A27A5C0F2BA92A8E00DADBEC /* PBXTargetDependency */,
			);
			name = BudgetManagerSnapshotTests;
			productName = BudgetManagerSnapshotTests;
			productReference = A27A5C0A2BA92A8E00DADBEC /* BudgetManagerSnapshotTests.xctest */;
			productType = "com.apple.product-type.bundle.unit-test";
		};
/* End PBXNativeTarget section */

/* Begin PBXProject section */
		A2672B4B2BA732DE006A5634 /* Project object */ = {
			isa = PBXProject;
			attributes = {
				BuildIndependentTargetsInParallel = 1;
				LastSwiftUpdateCheck = 1530;
				LastUpgradeCheck = 1530;
				TargetAttributes = {
					A2672B522BA732DE006A5634 = {
						CreatedOnToolsVersion = 15.3;
					};
					A2672B682BA732E1006A5634 = {
						CreatedOnToolsVersion = 15.3;
						TestTargetID = A2672B522BA732DE006A5634;
					};
					A27A5C092BA92A8E00DADBEC = {
						CreatedOnToolsVersion = 15.3;
						TestTargetID = A2672B522BA732DE006A5634;
					};
				};
			};
			buildConfigurationList = A2672B4E2BA732DE006A5634 /* Build configuration list for PBXProject "BudgetManager" */;
			compatibilityVersion = "Xcode 14.0";
			developmentRegion = en;
			hasScannedForEncodings = 0;
			knownRegions = (
				en,
				es,
			);
			mainGroup = A2672B4A2BA732DE006A5634;
			productRefGroup = A2672B542BA732DE006A5634 /* Products */;
			projectDirPath = "";
			projectRoot = "";
			targets = (
				A2672B522BA732DE006A5634 /* BudgetManager */,
				A2672B682BA732E1006A5634 /* BudgetManagerTests */,
				A27A5C092BA92A8E00DADBEC /* BudgetManagerSnapshotTests */,
			);
		};
/* End PBXProject section */

/* Begin PBXResourcesBuildPhase section */
		A2672B512BA732DE006A5634 /* Resources */ = {
			isa = PBXResourcesBuildPhase;
			buildActionMask = 2147483647;
			files = (
				A27A5C302BAB465500DADBEC /* CreateAccount.strings in Resources */,
				A2672B602BA732E0006A5634 /* Assets.xcassets in Resources */,
				A2672BB52BA7488C006A5634 /* Colors.xcassets in Resources */,
				A27A5C342BAB470600DADBEC /* Login.strings in Resources */,
				A27A5C2B2BAB3EFE00DADBEC /* swiftgen.yml in Resources */,
			);
			runOnlyForDeploymentPostprocessing = 0;
		};
		A2672B672BA732E1006A5634 /* Resources */ = {
			isa = PBXResourcesBuildPhase;
			buildActionMask = 2147483647;
			files = (
			);
			runOnlyForDeploymentPostprocessing = 0;
		};
		A27A5C082BA92A8E00DADBEC /* Resources */ = {
			isa = PBXResourcesBuildPhase;
			buildActionMask = 2147483647;
			files = (
				A27A5C252BAB0C0000DADBEC /* CREATE_ACCOUNT_DARK_VIEW_iPad.png in Resources */,
				A27A5C1C2BAB0BF900DADBEC /* LOGIN_DARK_VIEW_iPad.png in Resources */,
				A27A5C282BAB0C0000DADBEC /* CREATE_ACCOUNT_LIGHT_VIEW_iPhone.png in Resources */,
				A27A5C1E2BAB0BF900DADBEC /* LOGIN_LIGHT_VIEW_iPad.png in Resources */,
				A27A5C1F2BAB0BF900DADBEC /* LOGIN_LIGHT_VIEW_iPhone.png in Resources */,
				A27A5C1D2BAB0BF900DADBEC /* LOGIN_DARK_VIEW_iPhone.png in Resources */,
				A27A5C262BAB0C0000DADBEC /* CREATE_ACCOUNT_DARK_VIEW_iPhone.png in Resources */,
				A27A5C272BAB0C0000DADBEC /* CREATE_ACCOUNT_LIGHT_VIEW_iPad.png in Resources */,
			);
			runOnlyForDeploymentPostprocessing = 0;
		};
/* End PBXResourcesBuildPhase section */

/* Begin PBXSourcesBuildPhase section */
		A2672B4F2BA732DE006A5634 /* Sources */ = {
			isa = PBXSourcesBuildPhase;
			buildActionMask = 2147483647;
			files = (
				A2672B962BA73B9D006A5634 /* LoginPresenter.swift in Sources */,
				A2B5B2FD2BA7CB7000C9D05D /* LoginLoader.swift in Sources */,
				A2672BBB2BA76C3E006A5634 /* UIControl+Extensions.swift in Sources */,
				A2B5B31F2BA91A4400C9D05D /* RegistrationEndpoint.swift in Sources */,
				A2B5B3102BA907A900C9D05D /* HomeVC.swift in Sources */,
				A2672B572BA732DE006A5634 /* AppDelegate.swift in Sources */,
				A2B5B3192BA9192300C9D05D /* RegistrationViewModel.swift in Sources */,
				A2B5B2F72BA7BD2100C9D05D /* LoginValidationService.swift in Sources */,
				A2B5B3072BA7D0F800C9D05D /* RawRepresentable+Extensions.swift in Sources */,
				A2672BB82BA76B64006A5634 /* PasswordTextField.swift in Sources */,
				A2B5B3002BA7CC0800C9D05D /* User.swift in Sources */,
				A2672B9C2BA73C5E006A5634 /* LoginUIComposer.swift in Sources */,
				A2672B8D2BA739C6006A5634 /* LoginVC.swift in Sources */,
				A2B5B3162BA90D6400C9D05D /* CreateAccountValidationService.swift in Sources */,
				A2B5B31C2BA9195100C9D05D /* RegistrationLoader.swift in Sources */,
				A2B5B3032BA7CFAC00C9D05D /* LoginEndpoint.swift in Sources */,
				A2B5B3252BA91BA900C9D05D /* RegistrationUIComposer.swift in Sources */,
				A2672BC32BA7984A006A5634 /* PrivacyTextView.swift in Sources */,
				A27A5C702BACF97400DADBEC /* TabBarRouter.swift in Sources */,
				A2B5B2FA2BA7CAD000C9D05D /* LoginViewModel.swift in Sources */,
				A2B5B3282BA91E2000C9D05D /* RegistrationUserRequest.swift in Sources */,
				A27A5C2D2BAB3FFF00DADBEC /* XCAssets+Generated.swift in Sources */,
				A2672B592BA732DE006A5634 /* SceneDelegate.swift in Sources */,
				A2B5B3052BA7D09F00C9D05D /* URL+Extensions.swift in Sources */,
				A2672BD32BA79E2B006A5634 /* CreateAccountPresenter.swift in Sources */,
				A27A5C6D2BABCA6300DADBEC /* LoginRouter.swift in Sources */,
				A2672BBF2BA76E48006A5634 /* CreateAccountVC.swift in Sources */,
			);
			runOnlyForDeploymentPostprocessing = 0;
		};
		A2672B652BA732E1006A5634 /* Sources */ = {
			isa = PBXSourcesBuildPhase;
			buildActionMask = 2147483647;
			files = (
				A2672BC12BA7745A006A5634 /* MockNavigation.swift in Sources */,
				A2672BA02BA740FB006A5634 /* Locaized+TestHelpers.swift in Sources */,
				A2B5B30C2BA7D72200C9D05D /* MockError.swift in Sources */,
				A2B5B3132BA90D4300C9D05D /* CreateAccountIntegrationTests.swift in Sources */,
				A27A5C4D2BABACC400DADBEC /* LoginLocalizationTests.swift in Sources */,
				A2672BD82BA7A3C0006A5634 /* CreateAccountUnitTests.swift in Sources */,
				A2B5B2F42BA7BBD500C9D05D /* LoginIntegrationTests.swift in Sources */,
				A2672BA22BA7411B006A5634 /* XCTestCase+MemoryLeakTracking.swift in Sources */,
				A2B5B30A2BA7D4CF00C9D05D /* APILoginLoaderSpy.swift in Sources */,
				A2672B892BA73850006A5634 /* SceneDelegateTests.swift in Sources */,
				A2672B912BA73AAD006A5634 /* LoginUnitTests.swift in Sources */,
				A2B5B3222BA91B4800C9D05D /* APIRegistrationLoaderSpy.swift in Sources */,
			);
			runOnlyForDeploymentPostprocessing = 0;
		};
		A27A5C062BA92A8E00DADBEC /* Sources */ = {
			isa = PBXSourcesBuildPhase;
			buildActionMask = 2147483647;
			files = (
				A27A5C152BA92AE400DADBEC /* XCTestCase+Snapshot.swift in Sources */,
				A27A5C132BA92AD400DADBEC /* CreateSnapshotTests.swift in Sources */,
				A27A5C162BA92AE800DADBEC /* UIViewController+Snapshot.swift in Sources */,
				A27A5C142BA92ADC00DADBEC /* LoginSnapshotTests.swift in Sources */,
			);
			runOnlyForDeploymentPostprocessing = 0;
		};
/* End PBXSourcesBuildPhase section */

/* Begin PBXTargetDependency section */
		A2672B6B2BA732E1006A5634 /* PBXTargetDependency */ = {
			isa = PBXTargetDependency;
			target = A2672B522BA732DE006A5634 /* BudgetManager */;
			targetProxy = A2672B6A2BA732E1006A5634 /* PBXContainerItemProxy */;
		};
		A27A5C0F2BA92A8E00DADBEC /* PBXTargetDependency */ = {
			isa = PBXTargetDependency;
			target = A2672B522BA732DE006A5634 /* BudgetManager */;
			targetProxy = A27A5C0E2BA92A8E00DADBEC /* PBXContainerItemProxy */;
		};
/* End PBXTargetDependency section */

/* Begin PBXVariantGroup section */
		A27A5C2E2BAB465500DADBEC /* CreateAccount.strings */ = {
			isa = PBXVariantGroup;
			children = (
				A27A5C2F2BAB465500DADBEC /* en */,
				A27A5C312BAB46E700DADBEC /* es */,
			);
			name = CreateAccount.strings;
			sourceTree = "<group>";
		};
		A27A5C322BAB470600DADBEC /* Login.strings */ = {
			isa = PBXVariantGroup;
			children = (
				A27A5C332BAB470600DADBEC /* en */,
				A27A5C352BAB48C300DADBEC /* es */,
			);
			name = Login.strings;
			sourceTree = "<group>";
		};
/* End PBXVariantGroup section */

/* Begin XCBuildConfiguration section */
		A2672B7B2BA732E1006A5634 /* Debug */ = {
			isa = XCBuildConfiguration;
			buildSettings = {
				ALWAYS_SEARCH_USER_PATHS = NO;
				ASSETCATALOG_COMPILER_GENERATE_SWIFT_ASSET_SYMBOL_EXTENSIONS = YES;
				CLANG_ANALYZER_NONNULL = YES;
				CLANG_ANALYZER_NUMBER_OBJECT_CONVERSION = YES_AGGRESSIVE;
				CLANG_CXX_LANGUAGE_STANDARD = "gnu++20";
				CLANG_ENABLE_MODULES = YES;
				CLANG_ENABLE_OBJC_ARC = YES;
				CLANG_ENABLE_OBJC_WEAK = YES;
				CLANG_WARN_BLOCK_CAPTURE_AUTORELEASING = YES;
				CLANG_WARN_BOOL_CONVERSION = YES;
				CLANG_WARN_COMMA = YES;
				CLANG_WARN_CONSTANT_CONVERSION = YES;
				CLANG_WARN_DEPRECATED_OBJC_IMPLEMENTATIONS = YES;
				CLANG_WARN_DIRECT_OBJC_ISA_USAGE = YES_ERROR;
				CLANG_WARN_DOCUMENTATION_COMMENTS = YES;
				CLANG_WARN_EMPTY_BODY = YES;
				CLANG_WARN_ENUM_CONVERSION = YES;
				CLANG_WARN_INFINITE_RECURSION = YES;
				CLANG_WARN_INT_CONVERSION = YES;
				CLANG_WARN_NON_LITERAL_NULL_CONVERSION = YES;
				CLANG_WARN_OBJC_IMPLICIT_RETAIN_SELF = YES;
				CLANG_WARN_OBJC_LITERAL_CONVERSION = YES;
				CLANG_WARN_OBJC_ROOT_CLASS = YES_ERROR;
				CLANG_WARN_QUOTED_INCLUDE_IN_FRAMEWORK_HEADER = YES;
				CLANG_WARN_RANGE_LOOP_ANALYSIS = YES;
				CLANG_WARN_STRICT_PROTOTYPES = YES;
				CLANG_WARN_SUSPICIOUS_MOVE = YES;
				CLANG_WARN_UNGUARDED_AVAILABILITY = YES_AGGRESSIVE;
				CLANG_WARN_UNREACHABLE_CODE = YES;
				CLANG_WARN__DUPLICATE_METHOD_MATCH = YES;
				COPY_PHASE_STRIP = NO;
				DEBUG_INFORMATION_FORMAT = dwarf;
				ENABLE_STRICT_OBJC_MSGSEND = YES;
				ENABLE_TESTABILITY = YES;
				ENABLE_USER_SCRIPT_SANDBOXING = YES;
				GCC_C_LANGUAGE_STANDARD = gnu17;
				GCC_DYNAMIC_NO_PIC = NO;
				GCC_NO_COMMON_BLOCKS = YES;
				GCC_OPTIMIZATION_LEVEL = 0;
				GCC_PREPROCESSOR_DEFINITIONS = (
					"DEBUG=1",
					"$(inherited)",
				);
				GCC_WARN_64_TO_32_BIT_CONVERSION = YES;
				GCC_WARN_ABOUT_RETURN_TYPE = YES_ERROR;
				GCC_WARN_UNDECLARED_SELECTOR = YES;
				GCC_WARN_UNINITIALIZED_AUTOS = YES_AGGRESSIVE;
				GCC_WARN_UNUSED_FUNCTION = YES;
				GCC_WARN_UNUSED_VARIABLE = YES;
				IPHONEOS_DEPLOYMENT_TARGET = 16.2;
				LOCALIZATION_PREFERS_STRING_CATALOGS = YES;
				MTL_ENABLE_DEBUG_INFO = INCLUDE_SOURCE;
				MTL_FAST_MATH = YES;
				ONLY_ACTIVE_ARCH = YES;
				SDKROOT = iphoneos;
				SWIFT_ACTIVE_COMPILATION_CONDITIONS = "DEBUG $(inherited)";
				SWIFT_OPTIMIZATION_LEVEL = "-Onone";
			};
			name = Debug;
		};
		A2672B7C2BA732E1006A5634 /* Release */ = {
			isa = XCBuildConfiguration;
			buildSettings = {
				ALWAYS_SEARCH_USER_PATHS = NO;
				ASSETCATALOG_COMPILER_GENERATE_SWIFT_ASSET_SYMBOL_EXTENSIONS = YES;
				CLANG_ANALYZER_NONNULL = YES;
				CLANG_ANALYZER_NUMBER_OBJECT_CONVERSION = YES_AGGRESSIVE;
				CLANG_CXX_LANGUAGE_STANDARD = "gnu++20";
				CLANG_ENABLE_MODULES = YES;
				CLANG_ENABLE_OBJC_ARC = YES;
				CLANG_ENABLE_OBJC_WEAK = YES;
				CLANG_WARN_BLOCK_CAPTURE_AUTORELEASING = YES;
				CLANG_WARN_BOOL_CONVERSION = YES;
				CLANG_WARN_COMMA = YES;
				CLANG_WARN_CONSTANT_CONVERSION = YES;
				CLANG_WARN_DEPRECATED_OBJC_IMPLEMENTATIONS = YES;
				CLANG_WARN_DIRECT_OBJC_ISA_USAGE = YES_ERROR;
				CLANG_WARN_DOCUMENTATION_COMMENTS = YES;
				CLANG_WARN_EMPTY_BODY = YES;
				CLANG_WARN_ENUM_CONVERSION = YES;
				CLANG_WARN_INFINITE_RECURSION = YES;
				CLANG_WARN_INT_CONVERSION = YES;
				CLANG_WARN_NON_LITERAL_NULL_CONVERSION = YES;
				CLANG_WARN_OBJC_IMPLICIT_RETAIN_SELF = YES;
				CLANG_WARN_OBJC_LITERAL_CONVERSION = YES;
				CLANG_WARN_OBJC_ROOT_CLASS = YES_ERROR;
				CLANG_WARN_QUOTED_INCLUDE_IN_FRAMEWORK_HEADER = YES;
				CLANG_WARN_RANGE_LOOP_ANALYSIS = YES;
				CLANG_WARN_STRICT_PROTOTYPES = YES;
				CLANG_WARN_SUSPICIOUS_MOVE = YES;
				CLANG_WARN_UNGUARDED_AVAILABILITY = YES_AGGRESSIVE;
				CLANG_WARN_UNREACHABLE_CODE = YES;
				CLANG_WARN__DUPLICATE_METHOD_MATCH = YES;
				COPY_PHASE_STRIP = NO;
				DEBUG_INFORMATION_FORMAT = "dwarf-with-dsym";
				ENABLE_NS_ASSERTIONS = NO;
				ENABLE_STRICT_OBJC_MSGSEND = YES;
				ENABLE_USER_SCRIPT_SANDBOXING = YES;
				GCC_C_LANGUAGE_STANDARD = gnu17;
				GCC_NO_COMMON_BLOCKS = YES;
				GCC_WARN_64_TO_32_BIT_CONVERSION = YES;
				GCC_WARN_ABOUT_RETURN_TYPE = YES_ERROR;
				GCC_WARN_UNDECLARED_SELECTOR = YES;
				GCC_WARN_UNINITIALIZED_AUTOS = YES_AGGRESSIVE;
				GCC_WARN_UNUSED_FUNCTION = YES;
				GCC_WARN_UNUSED_VARIABLE = YES;
				IPHONEOS_DEPLOYMENT_TARGET = 16.2;
				LOCALIZATION_PREFERS_STRING_CATALOGS = YES;
				MTL_ENABLE_DEBUG_INFO = NO;
				MTL_FAST_MATH = YES;
				SDKROOT = iphoneos;
				SWIFT_COMPILATION_MODE = wholemodule;
				VALIDATE_PRODUCT = YES;
			};
			name = Release;
		};
		A2672B7E2BA732E1006A5634 /* Debug */ = {
			isa = XCBuildConfiguration;
			buildSettings = {
				ASSETCATALOG_COMPILER_APPICON_NAME = AppIcon;
				ASSETCATALOG_COMPILER_GLOBAL_ACCENT_COLOR_NAME = AccentColor;
				CODE_SIGN_STYLE = Automatic;
				CURRENT_PROJECT_VERSION = 1;
				DEVELOPMENT_TEAM = A5T33ABXDL;
				GENERATE_INFOPLIST_FILE = YES;
				INFOPLIST_FILE = BudgetManager/SupportingFiles/Info.plist;
				INFOPLIST_KEY_UIApplicationSupportsIndirectInputEvents = YES;
				INFOPLIST_KEY_UILaunchStoryboardName = LaunchScreen;
				INFOPLIST_KEY_UISupportedInterfaceOrientations_iPad = "UIInterfaceOrientationPortrait UIInterfaceOrientationPortraitUpsideDown UIInterfaceOrientationLandscapeLeft UIInterfaceOrientationLandscapeRight";
				INFOPLIST_KEY_UISupportedInterfaceOrientations_iPhone = "UIInterfaceOrientationPortrait UIInterfaceOrientationLandscapeLeft UIInterfaceOrientationLandscapeRight";
				LD_RUNPATH_SEARCH_PATHS = (
					"$(inherited)",
					"@executable_path/Frameworks",
				);
				MARKETING_VERSION = 1.0;
				PRODUCT_BUNDLE_IDENTIFIER = sukhdev.BudgetManager;
				PRODUCT_NAME = "$(TARGET_NAME)";
				SWIFT_EMIT_LOC_STRINGS = YES;
				SWIFT_VERSION = 5.0;
				TARGETED_DEVICE_FAMILY = "1,2";
			};
			name = Debug;
		};
		A2672B7F2BA732E1006A5634 /* Release */ = {
			isa = XCBuildConfiguration;
			buildSettings = {
				ASSETCATALOG_COMPILER_APPICON_NAME = AppIcon;
				ASSETCATALOG_COMPILER_GLOBAL_ACCENT_COLOR_NAME = AccentColor;
				CODE_SIGN_STYLE = Automatic;
				CURRENT_PROJECT_VERSION = 1;
				DEVELOPMENT_TEAM = A5T33ABXDL;
				GENERATE_INFOPLIST_FILE = YES;
				INFOPLIST_FILE = BudgetManager/SupportingFiles/Info.plist;
				INFOPLIST_KEY_UIApplicationSupportsIndirectInputEvents = YES;
				INFOPLIST_KEY_UILaunchStoryboardName = LaunchScreen;
				INFOPLIST_KEY_UISupportedInterfaceOrientations_iPad = "UIInterfaceOrientationPortrait UIInterfaceOrientationPortraitUpsideDown UIInterfaceOrientationLandscapeLeft UIInterfaceOrientationLandscapeRight";
				INFOPLIST_KEY_UISupportedInterfaceOrientations_iPhone = "UIInterfaceOrientationPortrait UIInterfaceOrientationLandscapeLeft UIInterfaceOrientationLandscapeRight";
				LD_RUNPATH_SEARCH_PATHS = (
					"$(inherited)",
					"@executable_path/Frameworks",
				);
				MARKETING_VERSION = 1.0;
				PRODUCT_BUNDLE_IDENTIFIER = sukhdev.BudgetManager;
				PRODUCT_NAME = "$(TARGET_NAME)";
				SWIFT_EMIT_LOC_STRINGS = YES;
				SWIFT_VERSION = 5.0;
				TARGETED_DEVICE_FAMILY = "1,2";
			};
			name = Release;
		};
		A2672B812BA732E1006A5634 /* Debug */ = {
			isa = XCBuildConfiguration;
			buildSettings = {
				ALWAYS_EMBED_SWIFT_STANDARD_LIBRARIES = YES;
				BUNDLE_LOADER = "$(TEST_HOST)";
				CODE_SIGN_STYLE = Automatic;
				CURRENT_PROJECT_VERSION = 1;
				DEVELOPMENT_TEAM = A5T33ABXDL;
				GENERATE_INFOPLIST_FILE = YES;
				IPHONEOS_DEPLOYMENT_TARGET = 16.2;
				MARKETING_VERSION = 1.0;
				PRODUCT_BUNDLE_IDENTIFIER = sukhdev.BudgetManagerTests;
				PRODUCT_NAME = "$(TARGET_NAME)";
				SWIFT_EMIT_LOC_STRINGS = NO;
				SWIFT_VERSION = 5.0;
				TARGETED_DEVICE_FAMILY = "1,2";
				TEST_HOST = "$(BUILT_PRODUCTS_DIR)/BudgetManager.app/$(BUNDLE_EXECUTABLE_FOLDER_PATH)/BudgetManager";
			};
			name = Debug;
		};
		A2672B822BA732E1006A5634 /* Release */ = {
			isa = XCBuildConfiguration;
			buildSettings = {
				ALWAYS_EMBED_SWIFT_STANDARD_LIBRARIES = YES;
				BUNDLE_LOADER = "$(TEST_HOST)";
				CODE_SIGN_STYLE = Automatic;
				CURRENT_PROJECT_VERSION = 1;
				DEVELOPMENT_TEAM = A5T33ABXDL;
				GENERATE_INFOPLIST_FILE = YES;
				IPHONEOS_DEPLOYMENT_TARGET = 16.2;
				MARKETING_VERSION = 1.0;
				PRODUCT_BUNDLE_IDENTIFIER = sukhdev.BudgetManagerTests;
				PRODUCT_NAME = "$(TARGET_NAME)";
				SWIFT_EMIT_LOC_STRINGS = NO;
				SWIFT_VERSION = 5.0;
				TARGETED_DEVICE_FAMILY = "1,2";
				TEST_HOST = "$(BUILT_PRODUCTS_DIR)/BudgetManager.app/$(BUNDLE_EXECUTABLE_FOLDER_PATH)/BudgetManager";
			};
			name = Release;
		};
		A27A5C112BA92A8E00DADBEC /* Debug */ = {
			isa = XCBuildConfiguration;
			buildSettings = {
				BUNDLE_LOADER = "$(TEST_HOST)";
				CODE_SIGN_STYLE = Automatic;
				CURRENT_PROJECT_VERSION = 1;
				DEVELOPMENT_TEAM = A5T33ABXDL;
				GENERATE_INFOPLIST_FILE = YES;
				IPHONEOS_DEPLOYMENT_TARGET = 16.2;
				MARKETING_VERSION = 1.0;
				PRODUCT_BUNDLE_IDENTIFIER = sukhdev.BudgetManagerSnapshotTests;
				PRODUCT_NAME = "$(TARGET_NAME)";
				SWIFT_EMIT_LOC_STRINGS = NO;
				SWIFT_VERSION = 5.0;
				TARGETED_DEVICE_FAMILY = "1,2";
				TEST_HOST = "$(BUILT_PRODUCTS_DIR)/BudgetManager.app/$(BUNDLE_EXECUTABLE_FOLDER_PATH)/BudgetManager";
			};
			name = Debug;
		};
		A27A5C122BA92A8E00DADBEC /* Release */ = {
			isa = XCBuildConfiguration;
			buildSettings = {
				BUNDLE_LOADER = "$(TEST_HOST)";
				CODE_SIGN_STYLE = Automatic;
				CURRENT_PROJECT_VERSION = 1;
				DEVELOPMENT_TEAM = A5T33ABXDL;
				GENERATE_INFOPLIST_FILE = YES;
				IPHONEOS_DEPLOYMENT_TARGET = 16.2;
				MARKETING_VERSION = 1.0;
				PRODUCT_BUNDLE_IDENTIFIER = sukhdev.BudgetManagerSnapshotTests;
				PRODUCT_NAME = "$(TARGET_NAME)";
				SWIFT_EMIT_LOC_STRINGS = NO;
				SWIFT_VERSION = 5.0;
				TARGETED_DEVICE_FAMILY = "1,2";
				TEST_HOST = "$(BUILT_PRODUCTS_DIR)/BudgetManager.app/$(BUNDLE_EXECUTABLE_FOLDER_PATH)/BudgetManager";
			};
			name = Release;
		};
/* End XCBuildConfiguration section */

/* Begin XCConfigurationList section */
		A2672B4E2BA732DE006A5634 /* Build configuration list for PBXProject "BudgetManager" */ = {
			isa = XCConfigurationList;
			buildConfigurations = (
				A2672B7B2BA732E1006A5634 /* Debug */,
				A2672B7C2BA732E1006A5634 /* Release */,
			);
			defaultConfigurationIsVisible = 0;
			defaultConfigurationName = Release;
		};
		A2672B7D2BA732E1006A5634 /* Build configuration list for PBXNativeTarget "BudgetManager" */ = {
			isa = XCConfigurationList;
			buildConfigurations = (
				A2672B7E2BA732E1006A5634 /* Debug */,
				A2672B7F2BA732E1006A5634 /* Release */,
			);
			defaultConfigurationIsVisible = 0;
			defaultConfigurationName = Release;
		};
		A2672B802BA732E1006A5634 /* Build configuration list for PBXNativeTarget "BudgetManagerTests" */ = {
			isa = XCConfigurationList;
			buildConfigurations = (
				A2672B812BA732E1006A5634 /* Debug */,
				A2672B822BA732E1006A5634 /* Release */,
			);
			defaultConfigurationIsVisible = 0;
			defaultConfigurationName = Release;
		};
		A27A5C102BA92A8E00DADBEC /* Build configuration list for PBXNativeTarget "BudgetManagerSnapshotTests" */ = {
			isa = XCConfigurationList;
			buildConfigurations = (
				A27A5C112BA92A8E00DADBEC /* Debug */,
				A27A5C122BA92A8E00DADBEC /* Release */,
			);
			defaultConfigurationIsVisible = 0;
			defaultConfigurationName = Release;
		};
/* End XCConfigurationList section */
	};
	rootObject = A2672B4B2BA732DE006A5634 /* Project object */;
}
